// !$*UTF8*$!
{
	archiveVersion = 1;
	classes = {
	};
	objectVersion = 56;
	objects = {

/* Begin PBXBuildFile section */
		933A1FD82A27560100A3C622 /* WeatherAppSwiftUIApp.swift in Sources */ = {isa = PBXBuildFile; fileRef = 933A1FD72A27560100A3C622 /* WeatherAppSwiftUIApp.swift */; };
		933A1FDA2A27560100A3C622 /* ContentView.swift in Sources */ = {isa = PBXBuildFile; fileRef = 933A1FD92A27560100A3C622 /* ContentView.swift */; };
		933A1FDC2A27560300A3C622 /* Assets.xcassets in Resources */ = {isa = PBXBuildFile; fileRef = 933A1FDB2A27560300A3C622 /* Assets.xcassets */; };
		933A1FDF2A27560300A3C622 /* Preview Assets.xcassets in Resources */ = {isa = PBXBuildFile; fileRef = 933A1FDE2A27560300A3C622 /* Preview Assets.xcassets */; };
		933A1FE92A27560400A3C622 /* WeatherAppSwiftUITests.swift in Sources */ = {isa = PBXBuildFile; fileRef = 933A1FE82A27560400A3C622 /* WeatherAppSwiftUITests.swift */; };
		933A1FF32A27560400A3C622 /* WeatherAppSwiftUIUITests.swift in Sources */ = {isa = PBXBuildFile; fileRef = 933A1FF22A27560400A3C622 /* WeatherAppSwiftUIUITests.swift */; };
		933A1FF52A27560400A3C622 /* WeatherAppSwiftUIUITestsLaunchTests.swift in Sources */ = {isa = PBXBuildFile; fileRef = 933A1FF42A27560400A3C622 /* WeatherAppSwiftUIUITestsLaunchTests.swift */; };
		933A20022A27741000A3C622 /* WeatherButton.swift in Sources */ = {isa = PBXBuildFile; fileRef = 933A20012A27741000A3C622 /* WeatherButton.swift */; };
		935093D42A288D8D007CB239 /* LocationManager.swift in Sources */ = {isa = PBXBuildFile; fileRef = 935093D32A288D8D007CB239 /* LocationManager.swift */; };
		935093D72A289518007CB239 /* WelcomeView.swift in Sources */ = {isa = PBXBuildFile; fileRef = 935093D62A289518007CB239 /* WelcomeView.swift */; };
		935093D92A2898B8007CB239 /* LoadingView.swift in Sources */ = {isa = PBXBuildFile; fileRef = 935093D82A2898B8007CB239 /* LoadingView.swift */; };
		935093DB2A28A3B4007CB239 /* WeatherManager.swift in Sources */ = {isa = PBXBuildFile; fileRef = 935093DA2A28A3B4007CB239 /* WeatherManager.swift */; };
		935093DD2A28A7EE007CB239 /* WeatherView.swift in Sources */ = {isa = PBXBuildFile; fileRef = 935093DC2A28A7EE007CB239 /* WeatherView.swift */; };
		935093E02A28A98A007CB239 /* ModelData.swift in Sources */ = {isa = PBXBuildFile; fileRef = 935093DF2A28A98A007CB239 /* ModelData.swift */; };
		935093E22A28A9F3007CB239 /* weatherData.json in Resources */ = {isa = PBXBuildFile; fileRef = 935093E12A28A9F3007CB239 /* weatherData.json */; };
		935093E42A28ADED007CB239 /* Extensions.swift in Sources */ = {isa = PBXBuildFile; fileRef = 935093E32A28ADED007CB239 /* Extensions.swift */; };
		935093E72A28AF75007CB239 /* WeatherRow.swift in Sources */ = {isa = PBXBuildFile; fileRef = 935093E62A28AF75007CB239 /* WeatherRow.swift */; };
/* End PBXBuildFile section */

/* Begin PBXContainerItemProxy section */
		933A1FE52A27560400A3C622 /* PBXContainerItemProxy */ = {
			isa = PBXContainerItemProxy;
			containerPortal = 933A1FCC2A27560100A3C622 /* Project object */;
			proxyType = 1;
			remoteGlobalIDString = 933A1FD32A27560100A3C622;
			remoteInfo = WeatherAppSwiftUI;
		};
		933A1FEF2A27560400A3C622 /* PBXContainerItemProxy */ = {
			isa = PBXContainerItemProxy;
			containerPortal = 933A1FCC2A27560100A3C622 /* Project object */;
			proxyType = 1;
			remoteGlobalIDString = 933A1FD32A27560100A3C622;
			remoteInfo = WeatherAppSwiftUI;
		};
/* End PBXContainerItemProxy section */

/* Begin PBXFileReference section */
		933A1FD42A27560100A3C622 /* WeatherAppSwiftUI.app */ = {isa = PBXFileReference; explicitFileType = wrapper.application; includeInIndex = 0; path = WeatherAppSwiftUI.app; sourceTree = BUILT_PRODUCTS_DIR; };
		933A1FD72A27560100A3C622 /* WeatherAppSwiftUIApp.swift */ = {isa = PBXFileReference; lastKnownFileType = sourcecode.swift; path = WeatherAppSwiftUIApp.swift; sourceTree = "<group>"; };
		933A1FD92A27560100A3C622 /* ContentView.swift */ = {isa = PBXFileReference; lastKnownFileType = sourcecode.swift; path = ContentView.swift; sourceTree = "<group>"; };
		933A1FDB2A27560300A3C622 /* Assets.xcassets */ = {isa = PBXFileReference; lastKnownFileType = folder.assetcatalog; path = Assets.xcassets; sourceTree = "<group>"; };
		933A1FDE2A27560300A3C622 /* Preview Assets.xcassets */ = {isa = PBXFileReference; lastKnownFileType = folder.assetcatalog; path = "Preview Assets.xcassets"; sourceTree = "<group>"; };
		933A1FE42A27560400A3C622 /* WeatherAppSwiftUITests.xctest */ = {isa = PBXFileReference; explicitFileType = wrapper.cfbundle; includeInIndex = 0; path = WeatherAppSwiftUITests.xctest; sourceTree = BUILT_PRODUCTS_DIR; };
		933A1FE82A27560400A3C622 /* WeatherAppSwiftUITests.swift */ = {isa = PBXFileReference; lastKnownFileType = sourcecode.swift; path = WeatherAppSwiftUITests.swift; sourceTree = "<group>"; };
		933A1FEE2A27560400A3C622 /* WeatherAppSwiftUIUITests.xctest */ = {isa = PBXFileReference; explicitFileType = wrapper.cfbundle; includeInIndex = 0; path = WeatherAppSwiftUIUITests.xctest; sourceTree = BUILT_PRODUCTS_DIR; };
		933A1FF22A27560400A3C622 /* WeatherAppSwiftUIUITests.swift */ = {isa = PBXFileReference; lastKnownFileType = sourcecode.swift; path = WeatherAppSwiftUIUITests.swift; sourceTree = "<group>"; };
		933A1FF42A27560400A3C622 /* WeatherAppSwiftUIUITestsLaunchTests.swift */ = {isa = PBXFileReference; lastKnownFileType = sourcecode.swift; path = WeatherAppSwiftUIUITestsLaunchTests.swift; sourceTree = "<group>"; };
		933A20012A27741000A3C622 /* WeatherButton.swift */ = {isa = PBXFileReference; lastKnownFileType = sourcecode.swift; path = WeatherButton.swift; sourceTree = "<group>"; };
		935093D32A288D8D007CB239 /* LocationManager.swift */ = {isa = PBXFileReference; lastKnownFileType = sourcecode.swift; path = LocationManager.swift; sourceTree = "<group>"; };
		935093D62A289518007CB239 /* WelcomeView.swift */ = {isa = PBXFileReference; lastKnownFileType = sourcecode.swift; path = WelcomeView.swift; sourceTree = "<group>"; };
		935093D82A2898B8007CB239 /* LoadingView.swift */ = {isa = PBXFileReference; lastKnownFileType = sourcecode.swift; path = LoadingView.swift; sourceTree = "<group>"; };
		935093DA2A28A3B4007CB239 /* WeatherManager.swift */ = {isa = PBXFileReference; lastKnownFileType = sourcecode.swift; path = WeatherManager.swift; sourceTree = "<group>"; };
		935093DC2A28A7EE007CB239 /* WeatherView.swift */ = {isa = PBXFileReference; lastKnownFileType = sourcecode.swift; path = WeatherView.swift; sourceTree = "<group>"; };
		935093DF2A28A98A007CB239 /* ModelData.swift */ = {isa = PBXFileReference; lastKnownFileType = sourcecode.swift; path = ModelData.swift; sourceTree = "<group>"; };
		935093E12A28A9F3007CB239 /* weatherData.json */ = {isa = PBXFileReference; lastKnownFileType = text.json; path = weatherData.json; sourceTree = "<group>"; };
		935093E32A28ADED007CB239 /* Extensions.swift */ = {isa = PBXFileReference; lastKnownFileType = sourcecode.swift; path = Extensions.swift; sourceTree = "<group>"; };
		935093E62A28AF75007CB239 /* WeatherRow.swift */ = {isa = PBXFileReference; lastKnownFileType = sourcecode.swift; path = WeatherRow.swift; sourceTree = "<group>"; };
/* End PBXFileReference section */

/* Begin PBXFrameworksBuildPhase section */
		933A1FD12A27560100A3C622 /* Frameworks */ = {
			isa = PBXFrameworksBuildPhase;
			buildActionMask = 2147483647;
			files = (
			);
			runOnlyForDeploymentPostprocessing = 0;
		};
		933A1FE12A27560400A3C622 /* Frameworks */ = {
			isa = PBXFrameworksBuildPhase;
			buildActionMask = 2147483647;
			files = (
			);
			runOnlyForDeploymentPostprocessing = 0;
		};
		933A1FEB2A27560400A3C622 /* Frameworks */ = {
			isa = PBXFrameworksBuildPhase;
			buildActionMask = 2147483647;
			files = (
			);
			runOnlyForDeploymentPostprocessing = 0;
		};
/* End PBXFrameworksBuildPhase section */

/* Begin PBXGroup section */
		933A1FCB2A27560100A3C622 = {
			isa = PBXGroup;
			children = (
				933A1FD62A27560100A3C622 /* WeatherAppSwiftUI */,
				933A1FE72A27560400A3C622 /* WeatherAppSwiftUITests */,
				933A1FF12A27560400A3C622 /* WeatherAppSwiftUIUITests */,
				933A1FD52A27560100A3C622 /* Products */,
			);
			sourceTree = "<group>";
		};
		933A1FD52A27560100A3C622 /* Products */ = {
			isa = PBXGroup;
			children = (
				933A1FD42A27560100A3C622 /* WeatherAppSwiftUI.app */,
				933A1FE42A27560400A3C622 /* WeatherAppSwiftUITests.xctest */,
				933A1FEE2A27560400A3C622 /* WeatherAppSwiftUIUITests.xctest */,
			);
			name = Products;
			sourceTree = "<group>";
		};
		933A1FD62A27560100A3C622 /* WeatherAppSwiftUI */ = {
			isa = PBXGroup;
			children = (
				935093E52A28AF3F007CB239 /* Components */,
				935093D52A2894FC007CB239 /* View */,
				935093D22A288D5A007CB239 /* Managers */,
				933A1FD72A27560100A3C622 /* WeatherAppSwiftUIApp.swift */,
				933A1FDB2A27560300A3C622 /* Assets.xcassets */,
				933A1FDD2A27560300A3C622 /* Preview Content */,
				933A20012A27741000A3C622 /* WeatherButton.swift */,
				935093E32A28ADED007CB239 /* Extensions.swift */,
			);
			path = WeatherAppSwiftUI;
			sourceTree = "<group>";
		};
		933A1FDD2A27560300A3C622 /* Preview Content */ = {
			isa = PBXGroup;
			children = (
				933A1FDE2A27560300A3C622 /* Preview Assets.xcassets */,
				935093DF2A28A98A007CB239 /* ModelData.swift */,
				935093E12A28A9F3007CB239 /* weatherData.json */,
			);
			path = "Preview Content";
			sourceTree = "<group>";
		};
		933A1FE72A27560400A3C622 /* WeatherAppSwiftUITests */ = {
			isa = PBXGroup;
			children = (
				933A1FE82A27560400A3C622 /* WeatherAppSwiftUITests.swift */,
			);
			path = WeatherAppSwiftUITests;
			sourceTree = "<group>";
		};
		933A1FF12A27560400A3C622 /* WeatherAppSwiftUIUITests */ = {
			isa = PBXGroup;
			children = (
				933A1FF22A27560400A3C622 /* WeatherAppSwiftUIUITests.swift */,
				933A1FF42A27560400A3C622 /* WeatherAppSwiftUIUITestsLaunchTests.swift */,
			);
			path = WeatherAppSwiftUIUITests;
			sourceTree = "<group>";
		};
		935093D22A288D5A007CB239 /* Managers */ = {
			isa = PBXGroup;
			children = (
				935093D32A288D8D007CB239 /* LocationManager.swift */,
				935093DA2A28A3B4007CB239 /* WeatherManager.swift */,
			);
			path = Managers;
			sourceTree = "<group>";
		};
		935093D52A2894FC007CB239 /* View */ = {
			isa = PBXGroup;
			children = (
				933A1FD92A27560100A3C622 /* ContentView.swift */,
				935093D62A289518007CB239 /* WelcomeView.swift */,
				935093D82A2898B8007CB239 /* LoadingView.swift */,
				935093DC2A28A7EE007CB239 /* WeatherView.swift */,
			);
			path = View;
			sourceTree = "<group>";
		};
		935093E52A28AF3F007CB239 /* Components */ = {
			isa = PBXGroup;
			children = (
				935093E62A28AF75007CB239 /* WeatherRow.swift */,
			);
			path = Components;
			sourceTree = "<group>";
		};
/* End PBXGroup section */

/* Begin PBXNativeTarget section */
		933A1FD32A27560100A3C622 /* WeatherAppSwiftUI */ = {
			isa = PBXNativeTarget;
			buildConfigurationList = 933A1FF82A27560400A3C622 /* Build configuration list for PBXNativeTarget "WeatherAppSwiftUI" */;
			buildPhases = (
				933A1FD02A27560100A3C622 /* Sources */,
				933A1FD12A27560100A3C622 /* Frameworks */,
				933A1FD22A27560100A3C622 /* Resources */,
			);
			buildRules = (
			);
			dependencies = (
			);
			name = WeatherAppSwiftUI;
			productName = WeatherAppSwiftUI;
			productReference = 933A1FD42A27560100A3C622 /* WeatherAppSwiftUI.app */;
			productType = "com.apple.product-type.application";
		};
		933A1FE32A27560400A3C622 /* WeatherAppSwiftUITests */ = {
			isa = PBXNativeTarget;
			buildConfigurationList = 933A1FFB2A27560400A3C622 /* Build configuration list for PBXNativeTarget "WeatherAppSwiftUITests" */;
			buildPhases = (
				933A1FE02A27560400A3C622 /* Sources */,
				933A1FE12A27560400A3C622 /* Frameworks */,
				933A1FE22A27560400A3C622 /* Resources */,
			);
			buildRules = (
			);
			dependencies = (
				933A1FE62A27560400A3C622 /* PBXTargetDependency */,
			);
			name = WeatherAppSwiftUITests;
			productName = WeatherAppSwiftUITests;
			productReference = 933A1FE42A27560400A3C622 /* WeatherAppSwiftUITests.xctest */;
			productType = "com.apple.product-type.bundle.unit-test";
		};
		933A1FED2A27560400A3C622 /* WeatherAppSwiftUIUITests */ = {
			isa = PBXNativeTarget;
			buildConfigurationList = 933A1FFE2A27560400A3C622 /* Build configuration list for PBXNativeTarget "WeatherAppSwiftUIUITests" */;
			buildPhases = (
				933A1FEA2A27560400A3C622 /* Sources */,
				933A1FEB2A27560400A3C622 /* Frameworks */,
				933A1FEC2A27560400A3C622 /* Resources */,
			);
			buildRules = (
			);
			dependencies = (
				933A1FF02A27560400A3C622 /* PBXTargetDependency */,
			);
			name = WeatherAppSwiftUIUITests;
			productName = WeatherAppSwiftUIUITests;
			productReference = 933A1FEE2A27560400A3C622 /* WeatherAppSwiftUIUITests.xctest */;
			productType = "com.apple.product-type.bundle.ui-testing";
		};
/* End PBXNativeTarget section */

/* Begin PBXProject section */
		933A1FCC2A27560100A3C622 /* Project object */ = {
			isa = PBXProject;
			attributes = {
				BuildIndependentTargetsInParallel = 1;
				LastSwiftUpdateCheck = 1420;
				LastUpgradeCheck = 1420;
				TargetAttributes = {
					933A1FD32A27560100A3C622 = {
						CreatedOnToolsVersion = 14.2;
					};
					933A1FE32A27560400A3C622 = {
						CreatedOnToolsVersion = 14.2;
						TestTargetID = 933A1FD32A27560100A3C622;
					};
					933A1FED2A27560400A3C622 = {
						CreatedOnToolsVersion = 14.2;
						TestTargetID = 933A1FD32A27560100A3C622;
					};
				};
			};
			buildConfigurationList = 933A1FCF2A27560100A3C622 /* Build configuration list for PBXProject "WeatherAppSwiftUI" */;
			compatibilityVersion = "Xcode 14.0";
			developmentRegion = en;
			hasScannedForEncodings = 0;
			knownRegions = (
				en,
				Base,
			);
			mainGroup = 933A1FCB2A27560100A3C622;
			productRefGroup = 933A1FD52A27560100A3C622 /* Products */;
			projectDirPath = "";
			projectRoot = "";
			targets = (
				933A1FD32A27560100A3C622 /* WeatherAppSwiftUI */,
				933A1FE32A27560400A3C622 /* WeatherAppSwiftUITests */,
				933A1FED2A27560400A3C622 /* WeatherAppSwiftUIUITests */,
			);
		};
/* End PBXProject section */

/* Begin PBXResourcesBuildPhase section */
		933A1FD22A27560100A3C622 /* Resources */ = {
			isa = PBXResourcesBuildPhase;
			buildActionMask = 2147483647;
			files = (
				933A1FDF2A27560300A3C622 /* Preview Assets.xcassets in Resources */,
				935093E22A28A9F3007CB239 /* weatherData.json in Resources */,
				933A1FDC2A27560300A3C622 /* Assets.xcassets in Resources */,
			);
			runOnlyForDeploymentPostprocessing = 0;
		};
		933A1FE22A27560400A3C622 /* Resources */ = {
			isa = PBXResourcesBuildPhase;
			buildActionMask = 2147483647;
			files = (
			);
			runOnlyForDeploymentPostprocessing = 0;
		};
		933A1FEC2A27560400A3C622 /* Resources */ = {
			isa = PBXResourcesBuildPhase;
			buildActionMask = 2147483647;
			files = (
			);
			runOnlyForDeploymentPostprocessing = 0;
		};
/* End PBXResourcesBuildPhase section */

/* Begin PBXSourcesBuildPhase section */
		933A1FD02A27560100A3C622 /* Sources */ = {
			isa = PBXSourcesBuildPhase;
			buildActionMask = 2147483647;
			files = (
				935093E72A28AF75007CB239 /* WeatherRow.swift in Sources */,
				935093D72A289518007CB239 /* WelcomeView.swift in Sources */,
				935093D42A288D8D007CB239 /* LocationManager.swift in Sources */,
				935093E02A28A98A007CB239 /* ModelData.swift in Sources */,
				933A1FDA2A27560100A3C622 /* ContentView.swift in Sources */,
				935093DB2A28A3B4007CB239 /* WeatherManager.swift in Sources */,
				935093E42A28ADED007CB239 /* Extensions.swift in Sources */,
				935093DD2A28A7EE007CB239 /* WeatherView.swift in Sources */,
				933A1FD82A27560100A3C622 /* WeatherAppSwiftUIApp.swift in Sources */,
				933A20022A27741000A3C622 /* WeatherButton.swift in Sources */,
				935093D92A2898B8007CB239 /* LoadingView.swift in Sources */,
			);
			runOnlyForDeploymentPostprocessing = 0;
		};
		933A1FE02A27560400A3C622 /* Sources */ = {
			isa = PBXSourcesBuildPhase;
			buildActionMask = 2147483647;
			files = (
				933A1FE92A27560400A3C622 /* WeatherAppSwiftUITests.swift in Sources */,
			);
			runOnlyForDeploymentPostprocessing = 0;
		};
		933A1FEA2A27560400A3C622 /* Sources */ = {
			isa = PBXSourcesBuildPhase;
			buildActionMask = 2147483647;
			files = (
				933A1FF32A27560400A3C622 /* WeatherAppSwiftUIUITests.swift in Sources */,
				933A1FF52A27560400A3C622 /* WeatherAppSwiftUIUITestsLaunchTests.swift in Sources */,
			);
			runOnlyForDeploymentPostprocessing = 0;
		};
/* End PBXSourcesBuildPhase section */

/* Begin PBXTargetDependency section */
		933A1FE62A27560400A3C622 /* PBXTargetDependency */ = {
			isa = PBXTargetDependency;
			target = 933A1FD32A27560100A3C622 /* WeatherAppSwiftUI */;
			targetProxy = 933A1FE52A27560400A3C622 /* PBXContainerItemProxy */;
		};
		933A1FF02A27560400A3C622 /* PBXTargetDependency */ = {
			isa = PBXTargetDependency;
			target = 933A1FD32A27560100A3C622 /* WeatherAppSwiftUI */;
			targetProxy = 933A1FEF2A27560400A3C622 /* PBXContainerItemProxy */;
		};
/* End PBXTargetDependency section */

/* Begin XCBuildConfiguration section */
		933A1FF62A27560400A3C622 /* Debug */ = {
			isa = XCBuildConfiguration;
			buildSettings = {
				ALWAYS_SEARCH_USER_PATHS = NO;
				CLANG_ANALYZER_NONNULL = YES;
				CLANG_ANALYZER_NUMBER_OBJECT_CONVERSION = YES_AGGRESSIVE;
				CLANG_CXX_LANGUAGE_STANDARD = "gnu++20";
				CLANG_ENABLE_MODULES = YES;
				CLANG_ENABLE_OBJC_ARC = YES;
				CLANG_ENABLE_OBJC_WEAK = YES;
				CLANG_WARN_BLOCK_CAPTURE_AUTORELEASING = YES;
				CLANG_WARN_BOOL_CONVERSION = YES;
				CLANG_WARN_COMMA = YES;
				CLANG_WARN_CONSTANT_CONVERSION = YES;
				CLANG_WARN_DEPRECATED_OBJC_IMPLEMENTATIONS = YES;
				CLANG_WARN_DIRECT_OBJC_ISA_USAGE = YES_ERROR;
				CLANG_WARN_DOCUMENTATION_COMMENTS = YES;
				CLANG_WARN_EMPTY_BODY = YES;
				CLANG_WARN_ENUM_CONVERSION = YES;
				CLANG_WARN_INFINITE_RECURSION = YES;
				CLANG_WARN_INT_CONVERSION = YES;
				CLANG_WARN_NON_LITERAL_NULL_CONVERSION = YES;
				CLANG_WARN_OBJC_IMPLICIT_RETAIN_SELF = YES;
				CLANG_WARN_OBJC_LITERAL_CONVERSION = YES;
				CLANG_WARN_OBJC_ROOT_CLASS = YES_ERROR;
				CLANG_WARN_QUOTED_INCLUDE_IN_FRAMEWORK_HEADER = YES;
				CLANG_WARN_RANGE_LOOP_ANALYSIS = YES;
				CLANG_WARN_STRICT_PROTOTYPES = YES;
				CLANG_WARN_SUSPICIOUS_MOVE = YES;
				CLANG_WARN_UNGUARDED_AVAILABILITY = YES_AGGRESSIVE;
				CLANG_WARN_UNREACHABLE_CODE = YES;
				CLANG_WARN__DUPLICATE_METHOD_MATCH = YES;
				COPY_PHASE_STRIP = NO;
				DEBUG_INFORMATION_FORMAT = dwarf;
				ENABLE_STRICT_OBJC_MSGSEND = YES;
				ENABLE_TESTABILITY = YES;
				GCC_C_LANGUAGE_STANDARD = gnu11;
				GCC_DYNAMIC_NO_PIC = NO;
				GCC_NO_COMMON_BLOCKS = YES;
				GCC_OPTIMIZATION_LEVEL = 0;
				GCC_PREPROCESSOR_DEFINITIONS = (
					"DEBUG=1",
					"$(inherited)",
				);
				GCC_WARN_64_TO_32_BIT_CONVERSION = YES;
				GCC_WARN_ABOUT_RETURN_TYPE = YES_ERROR;
				GCC_WARN_UNDECLARED_SELECTOR = YES;
				GCC_WARN_UNINITIALIZED_AUTOS = YES_AGGRESSIVE;
				GCC_WARN_UNUSED_FUNCTION = YES;
				GCC_WARN_UNUSED_VARIABLE = YES;
				IPHONEOS_DEPLOYMENT_TARGET = 16.2;
				MTL_ENABLE_DEBUG_INFO = INCLUDE_SOURCE;
				MTL_FAST_MATH = YES;
				ONLY_ACTIVE_ARCH = YES;
				SDKROOT = iphoneos;
				SWIFT_ACTIVE_COMPILATION_CONDITIONS = DEBUG;
				SWIFT_OPTIMIZATION_LEVEL = "-Onone";
			};
			name = Debug;
		};
		933A1FF72A27560400A3C622 /* Release */ = {
			isa = XCBuildConfiguration;
			buildSettings = {
				ALWAYS_SEARCH_USER_PATHS = NO;
				CLANG_ANALYZER_NONNULL = YES;
				CLANG_ANALYZER_NUMBER_OBJECT_CONVERSION = YES_AGGRESSIVE;
				CLANG_CXX_LANGUAGE_STANDARD = "gnu++20";
				CLANG_ENABLE_MODULES = YES;
				CLANG_ENABLE_OBJC_ARC = YES;
				CLANG_ENABLE_OBJC_WEAK = YES;
				CLANG_WARN_BLOCK_CAPTURE_AUTORELEASING = YES;
				CLANG_WARN_BOOL_CONVERSION = YES;
				CLANG_WARN_COMMA = YES;
				CLANG_WARN_CONSTANT_CONVERSION = YES;
				CLANG_WARN_DEPRECATED_OBJC_IMPLEMENTATIONS = YES;
				CLANG_WARN_DIRECT_OBJC_ISA_USAGE = YES_ERROR;
				CLANG_WARN_DOCUMENTATION_COMMENTS = YES;
				CLANG_WARN_EMPTY_BODY = YES;
				CLANG_WARN_ENUM_CONVERSION = YES;
				CLANG_WARN_INFINITE_RECURSION = YES;
				CLANG_WARN_INT_CONVERSION = YES;
				CLANG_WARN_NON_LITERAL_NULL_CONVERSION = YES;
				CLANG_WARN_OBJC_IMPLICIT_RETAIN_SELF = YES;
				CLANG_WARN_OBJC_LITERAL_CONVERSION = YES;
				CLANG_WARN_OBJC_ROOT_CLASS = YES_ERROR;
				CLANG_WARN_QUOTED_INCLUDE_IN_FRAMEWORK_HEADER = YES;
				CLANG_WARN_RANGE_LOOP_ANALYSIS = YES;
				CLANG_WARN_STRICT_PROTOTYPES = YES;
				CLANG_WARN_SUSPICIOUS_MOVE = YES;
				CLANG_WARN_UNGUARDED_AVAILABILITY = YES_AGGRESSIVE;
				CLANG_WARN_UNREACHABLE_CODE = YES;
				CLANG_WARN__DUPLICATE_METHOD_MATCH = YES;
				COPY_PHASE_STRIP = NO;
				DEBUG_INFORMATION_FORMAT = "dwarf-with-dsym";
				ENABLE_NS_ASSERTIONS = NO;
				ENABLE_STRICT_OBJC_MSGSEND = YES;
				GCC_C_LANGUAGE_STANDARD = gnu11;
				GCC_NO_COMMON_BLOCKS = YES;
				GCC_WARN_64_TO_32_BIT_CONVERSION = YES;
				GCC_WARN_ABOUT_RETURN_TYPE = YES_ERROR;
				GCC_WARN_UNDECLARED_SELECTOR = YES;
				GCC_WARN_UNINITIALIZED_AUTOS = YES_AGGRESSIVE;
				GCC_WARN_UNUSED_FUNCTION = YES;
				GCC_WARN_UNUSED_VARIABLE = YES;
				IPHONEOS_DEPLOYMENT_TARGET = 16.2;
				MTL_ENABLE_DEBUG_INFO = NO;
				MTL_FAST_MATH = YES;
				SDKROOT = iphoneos;
				SWIFT_COMPILATION_MODE = wholemodule;
				SWIFT_OPTIMIZATION_LEVEL = "-O";
				VALIDATE_PRODUCT = YES;
			};
			name = Release;
		};
		933A1FF92A27560400A3C622 /* Debug */ = {
			isa = XCBuildConfiguration;
			buildSettings = {
				ASSETCATALOG_COMPILER_APPICON_NAME = AppIcon;
				ASSETCATALOG_COMPILER_GLOBAL_ACCENT_COLOR_NAME = AccentColor;
				CODE_SIGN_STYLE = Automatic;
				CURRENT_PROJECT_VERSION = 1;
				DEVELOPMENT_ASSET_PATHS = "\"WeatherAppSwiftUI/Preview Content\"";
				ENABLE_PREVIEWS = YES;
				GENERATE_INFOPLIST_FILE = YES;
				INFOPLIST_KEY_UIApplicationSceneManifest_Generation = YES;
				INFOPLIST_KEY_UIApplicationSupportsIndirectInputEvents = YES;
				INFOPLIST_KEY_UILaunchScreen_Generation = YES;
				INFOPLIST_KEY_UISupportedInterfaceOrientations_iPad = "UIInterfaceOrientationPortrait UIInterfaceOrientationPortraitUpsideDown UIInterfaceOrientationLandscapeLeft UIInterfaceOrientationLandscapeRight";
				INFOPLIST_KEY_UISupportedInterfaceOrientations_iPhone = "UIInterfaceOrientationPortrait UIInterfaceOrientationLandscapeLeft UIInterfaceOrientationLandscapeRight";
				LD_RUNPATH_SEARCH_PATHS = (
					"$(inherited)",
					"@executable_path/Frameworks",
				);
				MARKETING_VERSION = 1.0;
				PRODUCT_BUNDLE_IDENTIFIER = com.coginzant.WeatherAppSwiftUI;
				PRODUCT_NAME = "$(TARGET_NAME)";
				SWIFT_EMIT_LOC_STRINGS = YES;
				SWIFT_VERSION = 5.0;
				TARGETED_DEVICE_FAMILY = "1,2";
			};
			name = Debug;
		};
		933A1FFA2A27560400A3C622 /* Release */ = {
			isa = XCBuildConfiguration;
			buildSettings = {
				ASSETCATALOG_COMPILER_APPICON_NAME = AppIcon;
				ASSETCATALOG_COMPILER_GLOBAL_ACCENT_COLOR_NAME = AccentColor;
				CODE_SIGN_STYLE = Automatic;
				CURRENT_PROJECT_VERSION = 1;
				DEVELOPMENT_ASSET_PATHS = "\"WeatherAppSwiftUI/Preview Content\"";
				ENABLE_PREVIEWS = YES;
				GENERATE_INFOPLIST_FILE = YES;
				INFOPLIST_KEY_UIApplicationSceneManifest_Generation = YES;
				INFOPLIST_KEY_UIApplicationSupportsIndirectInputEvents = YES;
				INFOPLIST_KEY_UILaunchScreen_Generation = YES;
				INFOPLIST_KEY_UISupportedInterfaceOrientations_iPad = "UIInterfaceOrientationPortrait UIInterfaceOrientationPortraitUpsideDown UIInterfaceOrientationLandscapeLeft UIInterfaceOrientationLandscapeRight";
				INFOPLIST_KEY_UISupportedInterfaceOrientations_iPhone = "UIInterfaceOrientationPortrait UIInterfaceOrientationLandscapeLeft UIInterfaceOrientationLandscapeRight";
				LD_RUNPATH_SEARCH_PATHS = (
					"$(inherited)",
					"@executable_path/Frameworks",
				);
				MARKETING_VERSION = 1.0;
				PRODUCT_BUNDLE_IDENTIFIER = com.coginzant.WeatherAppSwiftUI;
				PRODUCT_NAME = "$(TARGET_NAME)";
				SWIFT_EMIT_LOC_STRINGS = YES;
				SWIFT_VERSION = 5.0;
				TARGETED_DEVICE_FAMILY = "1,2";
			};
			name = Release;
		};
		933A1FFC2A27560400A3C622 /* Debug */ = {
			isa = XCBuildConfiguration;
			buildSettings = {
				ALWAYS_EMBED_SWIFT_STANDARD_LIBRARIES = YES;
				BUNDLE_LOADER = "$(TEST_HOST)";
				CODE_SIGN_STYLE = Automatic;
				CURRENT_PROJECT_VERSION = 1;
				GENERATE_INFOPLIST_FILE = YES;
				IPHONEOS_DEPLOYMENT_TARGET = 16.2;
				MARKETING_VERSION = 1.0;
				PRODUCT_BUNDLE_IDENTIFIER = com.coginzant.WeatherAppSwiftUITests;
				PRODUCT_NAME = "$(TARGET_NAME)";
				SWIFT_EMIT_LOC_STRINGS = NO;
				SWIFT_VERSION = 5.0;
				TARGETED_DEVICE_FAMILY = "1,2";
				TEST_HOST = "$(BUILT_PRODUCTS_DIR)/WeatherAppSwiftUI.app/$(BUNDLE_EXECUTABLE_FOLDER_PATH)/WeatherAppSwiftUI";
			};
			name = Debug;
		};
		933A1FFD2A27560400A3C622 /* Release */ = {
			isa = XCBuildConfiguration;
			buildSettings = {
				ALWAYS_EMBED_SWIFT_STANDARD_LIBRARIES = YES;
				BUNDLE_LOADER = "$(TEST_HOST)";
				CODE_SIGN_STYLE = Automatic;
				CURRENT_PROJECT_VERSION = 1;
				GENERATE_INFOPLIST_FILE = YES;
				IPHONEOS_DEPLOYMENT_TARGET = 16.2;
				MARKETING_VERSION = 1.0;
				PRODUCT_BUNDLE_IDENTIFIER = com.coginzant.WeatherAppSwiftUITests;
				PRODUCT_NAME = "$(TARGET_NAME)";
				SWIFT_EMIT_LOC_STRINGS = NO;
				SWIFT_VERSION = 5.0;
				TARGETED_DEVICE_FAMILY = "1,2";
				TEST_HOST = "$(BUILT_PRODUCTS_DIR)/WeatherAppSwiftUI.app/$(BUNDLE_EXECUTABLE_FOLDER_PATH)/WeatherAppSwiftUI";
			};
			name = Release;
		};
		933A1FFF2A27560400A3C622 /* Debug */ = {
			isa = XCBuildConfiguration;
			buildSettings = {
				ALWAYS_EMBED_SWIFT_STANDARD_LIBRARIES = YES;
				CODE_SIGN_STYLE = Automatic;
				CURRENT_PROJECT_VERSION = 1;
				GENERATE_INFOPLIST_FILE = YES;
				MARKETING_VERSION = 1.0;
				PRODUCT_BUNDLE_IDENTIFIER = com.coginzant.WeatherAppSwiftUIUITests;
				PRODUCT_NAME = "$(TARGET_NAME)";
				SWIFT_EMIT_LOC_STRINGS = NO;
				SWIFT_VERSION = 5.0;
				TARGETED_DEVICE_FAMILY = "1,2";
				TEST_TARGET_NAME = WeatherAppSwiftUI;
			};
			name = Debug;
		};
		933A20002A27560400A3C622 /* Release */ = {
			isa = XCBuildConfiguration;
			buildSettings = {
				ALWAYS_EMBED_SWIFT_STANDARD_LIBRARIES = YES;
				CODE_SIGN_STYLE = Automatic;
				CURRENT_PROJECT_VERSION = 1;
				GENERATE_INFOPLIST_FILE = YES;
				MARKETING_VERSION = 1.0;
				PRODUCT_BUNDLE_IDENTIFIER = com.coginzant.WeatherAppSwiftUIUITests;
				PRODUCT_NAME = "$(TARGET_NAME)";
				SWIFT_EMIT_LOC_STRINGS = NO;
				SWIFT_VERSION = 5.0;
				TARGETED_DEVICE_FAMILY = "1,2";
				TEST_TARGET_NAME = WeatherAppSwiftUI;
			};
			name = Release;
		};
/* End XCBuildConfiguration section */

/* Begin XCConfigurationList section */
		933A1FCF2A27560100A3C622 /* Build configuration list for PBXProject "WeatherAppSwiftUI" */ = {
			isa = XCConfigurationList;
			buildConfigurations = (
				933A1FF62A27560400A3C622 /* Debug */,
				933A1FF72A27560400A3C622 /* Release */,
			);
			defaultConfigurationIsVisible = 0;
			defaultConfigurationName = Release;
		};
		933A1FF82A27560400A3C622 /* Build configuration list for PBXNativeTarget "WeatherAppSwiftUI" */ = {
			isa = XCConfigurationList;
			buildConfigurations = (
				933A1FF92A27560400A3C622 /* Debug */,
				933A1FFA2A27560400A3C622 /* Release */,
			);
			defaultConfigurationIsVisible = 0;
			defaultConfigurationName = Release;
		};
		933A1FFB2A27560400A3C622 /* Build configuration list for PBXNativeTarget "WeatherAppSwiftUITests" */ = {
			isa = XCConfigurationList;
			buildConfigurations = (
				933A1FFC2A27560400A3C622 /* Debug */,
				933A1FFD2A27560400A3C622 /* Release */,
			);
			defaultConfigurationIsVisible = 0;
			defaultConfigurationName = Release;
		};
		933A1FFE2A27560400A3C622 /* Build configuration list for PBXNativeTarget "WeatherAppSwiftUIUITests" */ = {
			isa = XCConfigurationList;
			buildConfigurations = (
				933A1FFF2A27560400A3C622 /* Debug */,
				933A20002A27560400A3C622 /* Release */,
			);
			defaultConfigurationIsVisible = 0;
			defaultConfigurationName = Release;
		};
/* End XCConfigurationList section */
	};
	rootObject = 933A1FCC2A27560100A3C622 /* Project object */;
}
